{
  "name": "asp.net",
  "version": "1.0.0",
  "lockfileVersion": 1,
  "requires": true,
  "dependencies": {
    "@types/node": {
      "version": "10.10.2",
      "resolved": "https://registry.npmjs.org/@types/node/-/node-10.10.2.tgz",
      "integrity": "sha512-yg1zoc4aUbsVyKg2eMpmNthOI+Edn2ntiLRxHjhGeFtTwg3CORdqkY0tBZh+TNPnTTtf4iyU5TVxbHVdEjrDTQ=="
    },
    "@types/prop-types": {
      "version": "15.5.5",
      "resolved": "https://registry.npmjs.org/@types/prop-types/-/prop-types-15.5.5.tgz",
      "integrity": "sha512-mOrlCEdwX3seT3n0AXNt4KNPAZZxcsABUHwBgFXOt+nvFUXkxCAO6UBJHPrDxWEa2KDMil86355fjo8jbZ+K0Q==",
      "requires": {
        "@types/react": "*"
      }
    },
    "@types/react": {
      "version": "16.4.14",
      "resolved": "https://registry.npmjs.org/@types/react/-/react-16.4.14.tgz",
      "integrity": "sha512-Gh8irag2dbZ2K6vPn+S8+LNrULuG3zlCgJjVUrvuiUK7waw9d9CFk2A/tZFyGhcMDUyO7tznbx1ZasqlAGjHxA==",
      "requires": {
        "@types/prop-types": "*",
        "csstype": "^2.2.0"
      }
    },
    "@types/react-dom": {
      "version": "16.0.7",
      "resolved": "https://registry.npmjs.org/@types/react-dom/-/react-dom-16.0.7.tgz",
      "integrity": "sha512-vaq4vMaJOaNgFff1t3LnHYr6vRa09vRspMkmLdXtFZmO1fwDI2snP+dpOkwrtlU8UC8qsqemCu4RmVM2OLq/fA==",
      "requires": {
        "@types/node": "*",
        "@types/react": "*"
      }
    },
    "csstype": {
      "version": "2.5.7",
      "resolved": "https://registry.npmjs.org/csstype/-/csstype-2.5.7.tgz",
      "integrity": "sha512-Nt5VDyOTIIV4/nRFswoCKps1R5CD1hkiyjBE9/thNaNZILLEviVw9yWQw15+O+CpNjQKB/uvdcxFFOrSflY3Yw=="
    }
  }
}
